
Microsoft Visual Studio Solution File, Format Version 12.00
# Visual Studio Version 17
VisualStudioVersion = 17.7.34031.279
MinimumVisualStudioVersion = 10.0.40219.1
Project("{FAE04EC0-301F-11D3-BF4B-00C04F79EFBC}") = "CsharpPractice", "CsharpPractice.csproj", "{33A4448A-FB20-476A-A5E1-72330F98EF14}"
EndProject
Global
	GlobalSection(SolutionConfigurationPlatforms) = preSolution
		Debug|Any CPU = Debug|Any CPU
		Release|Any CPU = Release|Any CPU
	EndGlobalSection
	GlobalSection(ProjectConfigurationPlatforms) = postSolution
		{33A4448A-FB20-476A-A5E1-72330F98EF14}.Debug|Any CPU.ActiveCfg = Debug|Any CPU
		{33A4448A-FB20-476A-A5E1-72330F98EF14}.Debug|Any CPU.Build.0 = Debug|Any CPU
		{33A4448A-FB20-476A-A5E1-72330F98EF14}.Release|Any CPU.ActiveCfg = Release|Any CPU
		{33A4448A-FB20-476A-A5E1-72330F98EF14}.Release|Any CPU.Build.0 = Release|Any CPU
	EndGlobalSection
	GlobalSection(SolutionProperties) = preSolution
		HideSolutionNode = FALSE
	EndGlobalSection
	GlobalSection(ExtensibilityGlobals) = postSolution
		SolutionGuid = {CB97A653-580E-4819-91A2-22CA8BB91551}
	EndGlobalSection
EndGlobal
